{
  "name": "www",
  "version": "1.0.0",
  "lockfileVersion": 3,
  "requires": true,
  "packages": {
    "": {
      "name": "www",
      "version": "1.0.0",
      "license": "ISC",
      "devDependencies": {
        "@total-typescript/tsconfig": "^1.0.4",
        "typescript": "^5.9.3"
      }
    },
    "node_modules/@total-typescript/tsconfig": {
      "version": "1.0.4",
      "resolved": "https://registry.npmjs.org/@total-typescript/tsconfig/-/tsconfig-1.0.4.tgz",
      "integrity": "sha512-fO4ctMPGz1kOFOQ4RCPBRBfMy3gDn+pegUfrGyUFRMv/Rd0ZM3/SHH3hFCYG4u6bPLG8OlmOGcBLDexvyr3A5w==",
      "dev": true,
      "license": "MIT"
    },
    "node_modules/typescript": {
      "version": "5.9.3",
      "resolved": "https://registry.npmjs.org/typescript/-/typescript-5.9.3.tgz",
      "integrity": "sha512-jl1vZzPDinLr9eUt3J/t7V6FgNEw9QjvBPdysz9KfQDD41fQrC2Y4vKQdiaUpFT4bXlb1RHhLpp8wtm6M5TgSw==",
      "dev": true,
      "license": "Apache-2.0",
      "bin": {
        "tsc": "bin/tsc",
        "tsserver": "bin/tsserver"
      },
      "engines": {
        "node": ">=14.17"
      }
    }
  }
}
